// !$*UTF8*$!
{
	archiveVersion = 1;
	classes = {
	};
	objectVersion = 46;
	objects = {

/* Begin PBXBuildFile section */
		1A72620E1462FBF300E3982D /* UIKit.framework in Frameworks */ = {isa = PBXBuildFile; fileRef = 1A72620D1462FBF300E3982D /* UIKit.framework */; };
		1A7262101462FBF300E3982D /* Foundation.framework in Frameworks */ = {isa = PBXBuildFile; fileRef = 1A72620F1462FBF300E3982D /* Foundation.framework */; };
		1A7262121462FBF300E3982D /* CoreGraphics.framework in Frameworks */ = {isa = PBXBuildFile; fileRef = 1A7262111462FBF300E3982D /* CoreGraphics.framework */; };
		1A7262181462FBF300E3982D /* InfoPlist.strings in Resources */ = {isa = PBXBuildFile; fileRef = 1A7262161462FBF300E3982D /* InfoPlist.strings */; };
		1A72621A1462FBF300E3982D /* main.m in Sources */ = {isa = PBXBuildFile; fileRef = 1A7262191462FBF300E3982D /* main.m */; };
		1A72621E1462FBF300E3982D /* AppDelegate.m in Sources */ = {isa = PBXBuildFile; fileRef = 1A72621D1462FBF300E3982D /* AppDelegate.m */; };
		1A7262211462FBF300E3982D /* ViewController.m in Sources */ = {isa = PBXBuildFile; fileRef = 1A7262201462FBF300E3982D /* ViewController.m */; };
		1A7262241462FBF300E3982D /* ViewController.xib in Resources */ = {isa = PBXBuildFile; fileRef = 1A7262221462FBF300E3982D /* ViewController.xib */; };
		1A72622C1462FBF300E3982D /* SenTestingKit.framework in Frameworks */ = {isa = PBXBuildFile; fileRef = 1A72622B1462FBF300E3982D /* SenTestingKit.framework */; };
		1A72622D1462FBF300E3982D /* UIKit.framework in Frameworks */ = {isa = PBXBuildFile; fileRef = 1A72620D1462FBF300E3982D /* UIKit.framework */; };
		1A72622E1462FBF300E3982D /* Foundation.framework in Frameworks */ = {isa = PBXBuildFile; fileRef = 1A72620F1462FBF300E3982D /* Foundation.framework */; };
		1A7262361462FBF300E3982D /* InfoPlist.strings in Resources */ = {isa = PBXBuildFile; fileRef = 1A7262341462FBF300E3982D /* InfoPlist.strings */; };
		1A7262391462FBF300E3982D /* DamnAPITests.m in Sources */ = {isa = PBXBuildFile; fileRef = 1A7262381462FBF300E3982D /* DamnAPITests.m */; };
/* End PBXBuildFile section */

/* Begin PBXContainerItemProxy section */
		1A72622F1462FBF300E3982D /* PBXContainerItemProxy */ = {
			isa = PBXContainerItemProxy;
			containerPortal = 1A7262001462FBF200E3982D /* Project object */;
			proxyType = 1;
			remoteGlobalIDString = 1A7262081462FBF300E3982D;
			remoteInfo = DamnAPI;
		};
/* End PBXContainerItemProxy section */

/* Begin PBXFileReference section */
		1A7262091462FBF300E3982D /* DamnAPI.app */ = {isa = PBXFileReference; explicitFileType = wrapper.application; includeInIndex = 0; path = DamnAPI.app; sourceTree = BUILT_PRODUCTS_DIR; };
		1A72620D1462FBF300E3982D /* UIKit.framework */ = {isa = PBXFileReference; lastKnownFileType = wrapper.framework; name = UIKit.framework; path = System/Library/Frameworks/UIKit.framework; sourceTree = SDKROOT; };
		1A72620F1462FBF300E3982D /* Foundation.framework */ = {isa = PBXFileReference; lastKnownFileType = wrapper.framework; name = Foundation.framework; path = System/Library/Frameworks/Foundation.framework; sourceTree = SDKROOT; };
		1A7262111462FBF300E3982D /* CoreGraphics.framework */ = {isa = PBXFileReference; lastKnownFileType = wrapper.framework; name = CoreGraphics.framework; path = System/Library/Frameworks/CoreGraphics.framework; sourceTree = SDKROOT; };
		1A7262151462FBF300E3982D /* DamnAPI-Info.plist */ = {isa = PBXFileReference; path = "DamnAPI-Info.plist"; sourceTree = "<group>"; };
		1A7262171462FBF300E3982D /* en */ = {isa = PBXFileReference; lastKnownFileType = text.plist.strings; name = en; path = en.lproj/InfoPlist.strings; sourceTree = "<group>"; };
		1A7262191462FBF300E3982D /* main.m */ = {isa = PBXFileReference; lastKnownFileType = sourcecode.c.objc; path = main.m; sourceTree = "<group>"; };
		1A72621B1462FBF300E3982D /* DamnAPI-Prefix.pch */ = {isa = PBXFileReference; path = "DamnAPI-Prefix.pch"; sourceTree = "<group>"; };
		1A72621C1462FBF300E3982D /* AppDelegate.h */ = {isa = PBXFileReference; path = AppDelegate.h; sourceTree = "<group>"; };
		1A72621D1462FBF300E3982D /* AppDelegate.m */ = {isa = PBXFileReference; lastKnownFileType = sourcecode.c.objc; path = AppDelegate.m; sourceTree = "<group>"; };
		1A72621F1462FBF300E3982D /* ViewController.h */ = {isa = PBXFileReference; path = ViewController.h; sourceTree = "<group>"; };
		1A7262201462FBF300E3982D /* ViewController.m */ = {isa = PBXFileReference; lastKnownFileType = sourcecode.c.objc; path = ViewController.m; sourceTree = "<group>"; };
		1A7262231462FBF300E3982D /* en */ = {isa = PBXFileReference; lastKnownFileType = file.xib; name = en; path = en.lproj/ViewController.xib; sourceTree = "<group>"; };
		1A72622A1462FBF300E3982D /* DamnAPITests.octest */ = {isa = PBXFileReference; explicitFileType = wrapper.cfbundle; includeInIndex = 0; path = DamnAPITests.octest; sourceTree = BUILT_PRODUCTS_DIR; };
		1A72622B1462FBF300E3982D /* SenTestingKit.framework */ = {isa = PBXFileReference; lastKnownFileType = wrapper.framework; name = SenTestingKit.framework; path = Library/Frameworks/SenTestingKit.framework; sourceTree = DEVELOPER_DIR; };
		1A7262331462FBF300E3982D /* DamnAPITests-Info.plist */ = {isa = PBXFileReference; path = "DamnAPITests-Info.plist"; sourceTree = "<group>"; };
		1A7262351462FBF300E3982D /* en */ = {isa = PBXFileReference; lastKnownFileType = text.plist.strings; name = en; path = en.lproj/InfoPlist.strings; sourceTree = "<group>"; };
		1A7262371462FBF300E3982D /* DamnAPITests.h */ = {isa = PBXFileReference; path = DamnAPITests.h; sourceTree = "<group>"; };
		1A7262381462FBF300E3982D /* DamnAPITests.m */ = {isa = PBXFileReference; lastKnownFileType = sourcecode.c.objc; path = DamnAPITests.m; sourceTree = "<group>"; };
/* End PBXFileReference section */

/* Begin PBXFrameworksBuildPhase section */
		1A7262061462FBF300E3982D /* Frameworks */ = {
			isa = PBXFrameworksBuildPhase;
			buildActionMask = 2147483647;
			files = (
				1A72620E1462FBF300E3982D /* UIKit.framework in Frameworks */,
				1A7262101462FBF300E3982D /* Foundation.framework in Frameworks */,
				1A7262121462FBF300E3982D /* CoreGraphics.framework in Frameworks */,
			);
			runOnlyForDeploymentPostprocessing = 0;
		};
		1A7262261462FBF300E3982D /* Frameworks */ = {
			isa = PBXFrameworksBuildPhase;
			buildActionMask = 2147483647;
			files = (
				1A72622C1462FBF300E3982D /* SenTestingKit.framework in Frameworks */,
				1A72622D1462FBF300E3982D /* UIKit.framework in Frameworks */,
				1A72622E1462FBF300E3982D /* Foundation.framework in Frameworks */,
			);
			runOnlyForDeploymentPostprocessing = 0;
		};
/* End PBXFrameworksBuildPhase section */

/* Begin PBXGroup section */
		1A7261FE1462FBF200E3982D = {
			isa = PBXGroup;
			children = (
				1A7262131462FBF300E3982D /* DamnAPI */,
				1A7262311462FBF300E3982D /* DamnAPITests */,
				1A72620C1462FBF300E3982D /* Frameworks */,
				1A72620A1462FBF300E3982D /* Products */,
			);
			sourceTree = "<group>";
		};
		1A72620A1462FBF300E3982D /* Products */ = {
			isa = PBXGroup;
			children = (
				1A7262091462FBF300E3982D /* DamnAPI.app */,
				1A72622A1462FBF300E3982D /* DamnAPITests.octest */,
			);
			name = Products;
			sourceTree = "<group>";
		};
		1A72620C1462FBF300E3982D /* Frameworks */ = {
			isa = PBXGroup;
			children = (
				1A72620D1462FBF300E3982D /* UIKit.framework */,
				1A72620F1462FBF300E3982D /* Foundation.framework */,
				1A7262111462FBF300E3982D /* CoreGraphics.framework */,
				1A72622B1462FBF300E3982D /* SenTestingKit.framework */,
			);
			name = Frameworks;
			sourceTree = "<group>";
		};
		1A7262131462FBF300E3982D /* DamnAPI */ = {
			isa = PBXGroup;
			children = (
				1A72621C1462FBF300E3982D /* AppDelegate.h */,
				1A72621D1462FBF300E3982D /* AppDelegate.m */,
				1A72621F1462FBF300E3982D /* ViewController.h */,
				1A7262201462FBF300E3982D /* ViewController.m */,
				1A7262221462FBF300E3982D /* ViewController.xib */,
				1A7262141462FBF300E3982D /* Supporting Files */,
			);
			path = DamnAPI;
			sourceTree = "<group>";
		};
		1A7262141462FBF300E3982D /* Supporting Files */ = {
			isa = PBXGroup;
			children = (
				1A7262151462FBF300E3982D /* DamnAPI-Info.plist */,
				1A7262161462FBF300E3982D /* InfoPlist.strings */,
				1A7262191462FBF300E3982D /* main.m */,
				1A72621B1462FBF300E3982D /* DamnAPI-Prefix.pch */,
			);
			name = "Supporting Files";
			sourceTree = "<group>";
		};
		1A7262311462FBF300E3982D /* DamnAPITests */ = {
			isa = PBXGroup;
			children = (
				1A7262371462FBF300E3982D /* DamnAPITests.h */,
				1A7262381462FBF300E3982D /* DamnAPITests.m */,
				1A7262321462FBF300E3982D /* Supporting Files */,
			);
			path = DamnAPITests;
			sourceTree = "<group>";
		};
		1A7262321462FBF300E3982D /* Supporting Files */ = {
			isa = PBXGroup;
			children = (
				1A7262331462FBF300E3982D /* DamnAPITests-Info.plist */,
				1A7262341462FBF300E3982D /* InfoPlist.strings */,
			);
			name = "Supporting Files";
			sourceTree = "<group>";
		};
/* End PBXGroup section */

/* Begin PBXNativeTarget section */
		1A7262081462FBF300E3982D /* DamnAPI */ = {
			isa = PBXNativeTarget;
			buildConfigurationList = 1A72623C1462FBF300E3982D /* Build configuration list for PBXNativeTarget "DamnAPI" */;
			buildPhases = (
				1A7262051462FBF300E3982D /* Sources */,
				1A7262061462FBF300E3982D /* Frameworks */,
				1A7262071462FBF300E3982D /* Resources */,
			);
			buildRules = (
			);
			dependencies = (
			);
			name = DamnAPI;
			productName = DamnAPI;
			productReference = 1A7262091462FBF300E3982D /* DamnAPI.app */;
			productType = "com.apple.product-type.application";
		};
		1A7262291462FBF300E3982D /* DamnAPITests */ = {
			isa = PBXNativeTarget;
			buildConfigurationList = 1A72623F1462FBF300E3982D /* Build configuration list for PBXNativeTarget "DamnAPITests" */;
			buildPhases = (
				1A7262251462FBF300E3982D /* Sources */,
				1A7262261462FBF300E3982D /* Frameworks */,
				1A7262271462FBF300E3982D /* Resources */,
				1A7262281462FBF300E3982D /* ShellScript */,
			);
			buildRules = (
			);
			dependencies = (
				1A7262301462FBF300E3982D /* PBXTargetDependency */,
			);
			name = DamnAPITests;
			productName = DamnAPITests;
			productReference = 1A72622A1462FBF300E3982D /* DamnAPITests.octest */;
			productType = "com.apple.product-type.bundle";
		};
/* End PBXNativeTarget section */

/* Begin PBXProject section */
		1A7262001462FBF200E3982D /* Project object */ = {
			isa = PBXProject;
			attributes = {
				LastUpgradeCheck = 0420;
			};
			buildConfigurationList = 1A7262031462FBF200E3982D /* Build configuration list for PBXProject "DamnAPI" */;
			compatibilityVersion = "Xcode 3.2";
			developmentRegion = English;
			hasScannedForEncodings = 0;
			knownRegions = (
				en,
			);
			mainGroup = 1A7261FE1462FBF200E3982D;
			productRefGroup = 1A72620A1462FBF300E3982D /* Products */;
			projectDirPath = "";
			projectRoot = "";
			targets = (
				1A7262081462FBF300E3982D /* DamnAPI */,
				1A7262291462FBF300E3982D /* DamnAPITests */,
			);
		};
/* End PBXProject section */

/* Begin PBXResourcesBuildPhase section */
		1A7262071462FBF300E3982D /* Resources */ = {
			isa = PBXResourcesBuildPhase;
			buildActionMask = 2147483647;
			files = (
				1A7262181462FBF300E3982D /* InfoPlist.strings in Resources */,
				1A7262241462FBF300E3982D /* ViewController.xib in Resources */,
			);
			runOnlyForDeploymentPostprocessing = 0;
		};
		1A7262271462FBF300E3982D /* Resources */ = {
			isa = PBXResourcesBuildPhase;
			buildActionMask = 2147483647;
			files = (
				1A7262361462FBF300E3982D /* InfoPlist.strings in Resources */,
			);
			runOnlyForDeploymentPostprocessing = 0;
		};
/* End PBXResourcesBuildPhase section */

/* Begin PBXShellScriptBuildPhase section */
		1A7262281462FBF300E3982D /* ShellScript */ = {
			isa = PBXShellScriptBuildPhase;
			buildActionMask = 2147483647;
			files = (
			);
			inputPaths = (
			);
			outputPaths = (
			);
			runOnlyForDeploymentPostprocessing = 0;
			shellPath = /bin/sh;
			shellScript = "# Run the unit tests in this test bundle.\n\"${SYSTEM_DEVELOPER_DIR}/Tools/RunUnitTests\"\n";
		};
/* End PBXShellScriptBuildPhase section */

/* Begin PBXSourcesBuildPhase section */
		1A7262051462FBF300E3982D /* Sources */ = {
			isa = PBXSourcesBuildPhase;
			buildActionMask = 2147483647;
			files = (
				1A72621A1462FBF300E3982D /* main.m in Sources */,
				1A72621E1462FBF300E3982D /* AppDelegate.m in Sources */,
				1A7262211462FBF300E3982D /* ViewController.m in Sources */,
			);
			runOnlyForDeploymentPostprocessing = 0;
		};
		1A7262251462FBF300E3982D /* Sources */ = {
			isa = PBXSourcesBuildPhase;
			buildActionMask = 2147483647;
			files = (
				1A7262391462FBF300E3982D /* DamnAPITests.m in Sources */,
			);
			runOnlyForDeploymentPostprocessing = 0;
		};
/* End PBXSourcesBuildPhase section */

/* Begin PBXTargetDependency section */
		1A7262301462FBF300E3982D /* PBXTargetDependency */ = {
			isa = PBXTargetDependency;
			target = 1A7262081462FBF300E3982D /* DamnAPI */;
			targetProxy = 1A72622F1462FBF300E3982D /* PBXContainerItemProxy */;
		};
/* End PBXTargetDependency section */

/* Begin PBXVariantGroup section */
		1A7262161462FBF300E3982D /* InfoPlist.strings */ = {
			isa = PBXVariantGroup;
			children = (
				1A7262171462FBF300E3982D /* en */,
			);
			name = InfoPlist.strings;
			sourceTree = "<group>";
		};
		1A7262221462FBF300E3982D /* ViewController.xib */ = {
			isa = PBXVariantGroup;
			children = (
				1A7262231462FBF300E3982D /* en */,
			);
			name = ViewController.xib;
			sourceTree = "<group>";
		};
		1A7262341462FBF300E3982D /* InfoPlist.strings */ = {
			isa = PBXVariantGroup;
			children = (
				1A7262351462FBF300E3982D /* en */,
			);
			name = InfoPlist.strings;
			sourceTree = "<group>";
		};
/* End PBXVariantGroup section */

/* Begin XCBuildConfiguration section */
		1A72623A1462FBF300E3982D /* Debug */ = {
			isa = XCBuildConfiguration;
			buildSettings = {
				ALWAYS_SEARCH_USER_PATHS = NO;
				ARCHS = "$(ARCHS_STANDARD_32_BIT)";
				CLANG_ENABLE_OBJC_ARC = YES;
				"CODE_SIGN_IDENTITY[sdk=iphoneos*]" = "iPhone Developer";
				COPY_PHASE_STRIP = NO;
				GCC_C_LANGUAGE_STANDARD = gnu99;
				GCC_DYNAMIC_NO_PIC = NO;
				GCC_OPTIMIZATION_LEVEL = 0;
				GCC_PREPROCESSOR_DEFINITIONS = (
					"DEBUG=1",
					"$(inherited)",
				);
				GCC_SYMBOLS_PRIVATE_EXTERN = NO;
				GCC_VERSION = com.apple.compilers.llvm.clang.1_0;
				GCC_WARN_ABOUT_MISSING_PROTOTYPES = YES;
				GCC_WARN_ABOUT_RETURN_TYPE = YES;
				GCC_WARN_UNUSED_VARIABLE = YES;
				IPHONEOS_DEPLOYMENT_TARGET = 5.0;
				SDKROOT = iphoneos;
			};
			name = Debug;
		};
		1A72623B1462FBF300E3982D /* Release */ = {
			isa = XCBuildConfiguration;
			buildSettings = {
				ALWAYS_SEARCH_USER_PATHS = NO;
				ARCHS = "$(ARCHS_STANDARD_32_BIT)";
				CLANG_ENABLE_OBJC_ARC = YES;
				"CODE_SIGN_IDENTITY[sdk=iphoneos*]" = "iPhone Developer";
				COPY_PHASE_STRIP = YES;
				GCC_C_LANGUAGE_STANDARD = gnu99;
				GCC_VERSION = com.apple.compilers.llvm.clang.1_0;
				GCC_WARN_ABOUT_MISSING_PROTOTYPES = YES;
				GCC_WARN_ABOUT_RETURN_TYPE = YES;
				GCC_WARN_UNUSED_VARIABLE = YES;
				IPHONEOS_DEPLOYMENT_TARGET = 5.0;
				OTHER_CFLAGS = "-DNS_BLOCK_ASSERTIONS=1";
				SDKROOT = iphoneos;
				VALIDATE_PRODUCT = YES;
			};
			name = Release;
		};
		1A72623D1462FBF300E3982D /* Debug */ = {
			isa = XCBuildConfiguration;
			buildSettings = {
				GCC_PRECOMPILE_PREFIX_HEADER = YES;
				GCC_PREFIX_HEADER = "DamnAPI/DamnAPI-Prefix.pch";
				INFOPLIST_FILE = "DamnAPI/DamnAPI-Info.plist";
				PRODUCT_NAME = "$(TARGET_NAME)";
				WRAPPER_EXTENSION = app;
			};
			name = Debug;
		};
		1A72623E1462FBF300E3982D /* Release */ = {
			isa = XCBuildConfiguration;
			buildSettings = {
				GCC_PRECOMPILE_PREFIX_HEADER = YES;
				GCC_PREFIX_HEADER = "DamnAPI/DamnAPI-Prefix.pch";
				INFOPLIST_FILE = "DamnAPI/DamnAPI-Info.plist";
				PRODUCT_NAME = "$(TARGET_NAME)";
				WRAPPER_EXTENSION = app;
			};
			name = Release;
		};
		1A7262401462FBF300E3982D /* Debug */ = {
			isa = XCBuildConfiguration;
			buildSettings = {
				BUNDLE_LOADER = "$(BUILT_PRODUCTS_DIR)/DamnAPI.app/DamnAPI";
				FRAMEWORK_SEARCH_PATHS = (
					"$(SDKROOT)/Developer/Library/Frameworks",
					"$(DEVELOPER_LIBRARY_DIR)/Frameworks",
				);
				GCC_PRECOMPILE_PREFIX_HEADER = YES;
				GCC_PREFIX_HEADER = "DamnAPI/DamnAPI-Prefix.pch";
				INFOPLIST_FILE = "DamnAPITests/DamnAPITests-Info.plist";
				PRODUCT_NAME = "$(TARGET_NAME)";
				TEST_HOST = "$(BUNDLE_LOADER)";
				WRAPPER_EXTENSION = octest;
			};
			name = Debug;
		};
		1A7262411462FBF300E3982D /* Release */ = {
			isa = XCBuildConfiguration;
			buildSettings = {
				BUNDLE_LOADER = "$(BUILT_PRODUCTS_DIR)/DamnAPI.app/DamnAPI";
				FRAMEWORK_SEARCH_PATHS = (
					"$(SDKROOT)/Developer/Library/Frameworks",
					"$(DEVELOPER_LIBRARY_DIR)/Frameworks",
				);
				GCC_PRECOMPILE_PREFIX_HEADER = YES;
				GCC_PREFIX_HEADER = "DamnAPI/DamnAPI-Prefix.pch";
				INFOPLIST_FILE = "DamnAPITests/DamnAPITests-Info.plist";
				PRODUCT_NAME = "$(TARGET_NAME)";
				TEST_HOST = "$(BUNDLE_LOADER)";
				WRAPPER_EXTENSION = octest;
			};
			name = Release;
		};
/* End XCBuildConfiguration section */

/* Begin XCConfigurationList section */
		1A7262031462FBF200E3982D /* Build configuration list for PBXProject "DamnAPI" */ = {
			isa = XCConfigurationList;
			buildConfigurations = (
				1A72623A1462FBF300E3982D /* Debug */,
				1A72623B1462FBF300E3982D /* Release */,
			);
			defaultConfigurationIsVisible = 0;
			defaultConfigurationName = Release;
		};
		1A72623C1462FBF300E3982D /* Build configuration list for PBXNativeTarget "DamnAPI" */ = {
			isa = XCConfigurationList;
			buildConfigurations = (
				1A72623D1462FBF300E3982D /* Debug */,
				1A72623E1462FBF300E3982D /* Release */,
			);
			defaultConfigurationIsVisible = 0;
		};
		1A72623F1462FBF300E3982D /* Build configuration list for PBXNativeTarget "DamnAPITests" */ = {
			isa = XCConfigurationList;
			buildConfigurations = (
				1A7262401462FBF300E3982D /* Debug */,
				1A7262411462FBF300E3982D /* Release */,
			);
			defaultConfigurationIsVisible = 0;
		};
/* End XCConfigurationList section */
	};
	rootObject = 1A7262001462FBF200E3982D /* Project object */;
}
